// !$*UTF8*$!
{
	archiveVersion = 1;
	classes = {
	};
	objectVersion = 55;
	objects = {

/* Begin PBXBuildFile section */
		7006461827E636EC00060F52 /* GoogleService-Info.plist in Resources */ = {isa = PBXBuildFile; fileRef = 7006461727E636EC00060F52 /* GoogleService-Info.plist */; };
		7006461C27E6384000060F52 /* FirebaseAuth in Frameworks */ = {isa = PBXBuildFile; productRef = 7006461B27E6384000060F52 /* FirebaseAuth */; };
		7006461E27E6384000060F52 /* FirebaseFirestore in Frameworks */ = {isa = PBXBuildFile; productRef = 7006461D27E6384000060F52 /* FirebaseFirestore */; };
		7006462427E63D0700060F52 /* SignInViewModel.swift in Sources */ = {isa = PBXBuildFile; fileRef = 7006462327E63D0700060F52 /* SignInViewModel.swift */; };
		7006462727E6481600060F52 /* PillDataCenter.swift in Sources */ = {isa = PBXBuildFile; fileRef = 7006462627E6481600060F52 /* PillDataCenter.swift */; };
		7033179327E64A6D000B99E1 /* CustomError.swift in Sources */ = {isa = PBXBuildFile; fileRef = 7033179227E64A6D000B99E1 /* CustomError.swift */; };
		7033179627E64EE1000B99E1 /* Constants.swift in Sources */ = {isa = PBXBuildFile; fileRef = 7033179527E64EE1000B99E1 /* Constants.swift */; };
		70F6AD2D27E62E5900F61642 /* AppDelegate.swift in Sources */ = {isa = PBXBuildFile; fileRef = 70F6AD2C27E62E5900F61642 /* AppDelegate.swift */; };
		70F6AD2F27E62E5900F61642 /* SceneDelegate.swift in Sources */ = {isa = PBXBuildFile; fileRef = 70F6AD2E27E62E5900F61642 /* SceneDelegate.swift */; };
		70F6AD3627E62E5900F61642 /* Assets.xcassets in Resources */ = {isa = PBXBuildFile; fileRef = 70F6AD3527E62E5900F61642 /* Assets.xcassets */; };
		70F6AD3927E62E5900F61642 /* LaunchScreen.storyboard in Resources */ = {isa = PBXBuildFile; fileRef = 70F6AD3727E62E5900F61642 /* LaunchScreen.storyboard */; };
		70F6AD4327E62EB800F61642 /* SignInViewController.swift in Sources */ = {isa = PBXBuildFile; fileRef = 70F6AD4227E62EB800F61642 /* SignInViewController.swift */; };
		70F6AD4627E6319F00F61642 /* PillViewController.swift in Sources */ = {isa = PBXBuildFile; fileRef = 70F6AD4527E6319F00F61642 /* PillViewController.swift */; };
		70F6AD4927E631D600F61642 /* PillViewModel.swift in Sources */ = {isa = PBXBuildFile; fileRef = 70F6AD4827E631D600F61642 /* PillViewModel.swift */; };
/* End PBXBuildFile section */

/* Begin PBXFileReference section */
		7006461727E636EC00060F52 /* GoogleService-Info.plist */ = {isa = PBXFileReference; fileEncoding = 4; lastKnownFileType = text.plist.xml; path = "GoogleService-Info.plist"; sourceTree = "<group>"; };
		7006461F27E6399400060F52 /* PillManager.entitlements */ = {isa = PBXFileReference; lastKnownFileType = text.plist.entitlements; path = PillManager.entitlements; sourceTree = "<group>"; };
		7006462327E63D0700060F52 /* SignInViewModel.swift */ = {isa = PBXFileReference; lastKnownFileType = sourcecode.swift; path = SignInViewModel.swift; sourceTree = "<group>"; };
		7006462627E6481600060F52 /* PillDataCenter.swift */ = {isa = PBXFileReference; lastKnownFileType = sourcecode.swift; path = PillDataCenter.swift; sourceTree = "<group>"; };
		7033179227E64A6D000B99E1 /* CustomError.swift */ = {isa = PBXFileReference; lastKnownFileType = sourcecode.swift; path = CustomError.swift; sourceTree = "<group>"; };
		7033179527E64EE1000B99E1 /* Constants.swift */ = {isa = PBXFileReference; lastKnownFileType = sourcecode.swift; path = Constants.swift; sourceTree = "<group>"; };
		70F6AD2927E62E5900F61642 /* PillManager.app */ = {isa = PBXFileReference; explicitFileType = wrapper.application; includeInIndex = 0; path = PillManager.app; sourceTree = BUILT_PRODUCTS_DIR; };
		70F6AD2C27E62E5900F61642 /* AppDelegate.swift */ = {isa = PBXFileReference; lastKnownFileType = sourcecode.swift; path = AppDelegate.swift; sourceTree = "<group>"; };
		70F6AD2E27E62E5900F61642 /* SceneDelegate.swift */ = {isa = PBXFileReference; lastKnownFileType = sourcecode.swift; path = SceneDelegate.swift; sourceTree = "<group>"; };
		70F6AD3527E62E5900F61642 /* Assets.xcassets */ = {isa = PBXFileReference; lastKnownFileType = folder.assetcatalog; path = Assets.xcassets; sourceTree = "<group>"; };
		70F6AD3827E62E5900F61642 /* Base */ = {isa = PBXFileReference; lastKnownFileType = file.storyboard; name = Base; path = Base.lproj/LaunchScreen.storyboard; sourceTree = "<group>"; };
		70F6AD3A27E62E5900F61642 /* Info.plist */ = {isa = PBXFileReference; lastKnownFileType = text.plist.xml; path = Info.plist; sourceTree = "<group>"; };
		70F6AD4227E62EB800F61642 /* SignInViewController.swift */ = {isa = PBXFileReference; lastKnownFileType = sourcecode.swift; path = SignInViewController.swift; sourceTree = "<group>"; };
		70F6AD4527E6319F00F61642 /* PillViewController.swift */ = {isa = PBXFileReference; lastKnownFileType = sourcecode.swift; path = PillViewController.swift; sourceTree = "<group>"; };
		70F6AD4827E631D600F61642 /* PillViewModel.swift */ = {isa = PBXFileReference; lastKnownFileType = sourcecode.swift; path = PillViewModel.swift; sourceTree = "<group>"; };
/* End PBXFileReference section */

/* Begin PBXFrameworksBuildPhase section */
		70F6AD2627E62E5900F61642 /* Frameworks */ = {
			isa = PBXFrameworksBuildPhase;
			buildActionMask = 2147483647;
			files = (
				7006461C27E6384000060F52 /* FirebaseAuth in Frameworks */,
				7006461E27E6384000060F52 /* FirebaseFirestore in Frameworks */,
			);
			runOnlyForDeploymentPostprocessing = 0;
		};
/* End PBXFrameworksBuildPhase section */

/* Begin PBXGroup section */
		7006462527E647D100060F52 /* DataCenter */ = {
			isa = PBXGroup;
			children = (
				7006462627E6481600060F52 /* PillDataCenter.swift */,
			);
			path = DataCenter;
			sourceTree = "<group>";
		};
		7033179127E64A5B000B99E1 /* Enum */ = {
			isa = PBXGroup;
			children = (
				7033179227E64A6D000B99E1 /* CustomError.swift */,
			);
			path = Enum;
			sourceTree = "<group>";
		};
		7033179427E64EBD000B99E1 /* Constants */ = {
			isa = PBXGroup;
			children = (
				7033179527E64EE1000B99E1 /* Constants.swift */,
			);
			path = Constants;
			sourceTree = "<group>";
		};
		70F6AD2027E62E5900F61642 = {
			isa = PBXGroup;
			children = (
				70F6AD2B27E62E5900F61642 /* PillManager */,
				70F6AD2A27E62E5900F61642 /* Products */,
			);
			sourceTree = "<group>";
		};
		70F6AD2A27E62E5900F61642 /* Products */ = {
			isa = PBXGroup;
			children = (
				70F6AD2927E62E5900F61642 /* PillManager.app */,
			);
			name = Products;
			sourceTree = "<group>";
		};
		70F6AD2B27E62E5900F61642 /* PillManager */ = {
			isa = PBXGroup;
			children = (
				7006461F27E6399400060F52 /* PillManager.entitlements */,
				70F6AD3A27E62E5900F61642 /* Info.plist */,
				7006461727E636EC00060F52 /* GoogleService-Info.plist */,
				70F6AD4027E62E9E00F61642 /* Config */,
				7033179427E64EBD000B99E1 /* Constants */,
				7006462527E647D100060F52 /* DataCenter */,
				7033179127E64A5B000B99E1 /* Enum */,
				70F6AD4427E62F5900F61642 /* Resources */,
				70F6AD4127E62EA700F61642 /* ViewController */,
				70F6AD4727E631C200F61642 /* ViewModel */,
			);
			path = PillManager;
			sourceTree = "<group>";
		};
		70F6AD4027E62E9E00F61642 /* Config */ = {
			isa = PBXGroup;
			children = (
				70F6AD2C27E62E5900F61642 /* AppDelegate.swift */,
				70F6AD2E27E62E5900F61642 /* SceneDelegate.swift */,
			);
			path = Config;
			sourceTree = "<group>";
		};
		70F6AD4127E62EA700F61642 /* ViewController */ = {
			isa = PBXGroup;
			children = (
				70F6AD4227E62EB800F61642 /* SignInViewController.swift */,
				70F6AD4527E6319F00F61642 /* PillViewController.swift */,
			);
			path = ViewController;
			sourceTree = "<group>";
		};
		70F6AD4427E62F5900F61642 /* Resources */ = {
			isa = PBXGroup;
			children = (
				70F6AD3727E62E5900F61642 /* LaunchScreen.storyboard */,
				70F6AD3527E62E5900F61642 /* Assets.xcassets */,
			);
			path = Resources;
			sourceTree = "<group>";
		};
		70F6AD4727E631C200F61642 /* ViewModel */ = {
			isa = PBXGroup;
			children = (
				70F6AD4827E631D600F61642 /* PillViewModel.swift */,
				7006462327E63D0700060F52 /* SignInViewModel.swift */,
			);
			path = ViewModel;
			sourceTree = "<group>";
		};
/* End PBXGroup section */

/* Begin PBXNativeTarget section */
		70F6AD2827E62E5900F61642 /* PillManager */ = {
			isa = PBXNativeTarget;
			buildConfigurationList = 70F6AD3D27E62E5900F61642 /* Build configuration list for PBXNativeTarget "PillManager" */;
			buildPhases = (
				70F6AD2527E62E5900F61642 /* Sources */,
				70F6AD2627E62E5900F61642 /* Frameworks */,
				70F6AD2727E62E5900F61642 /* Resources */,
			);
			buildRules = (
			);
			dependencies = (
			);
			name = PillManager;
			packageProductDependencies = (
				7006461B27E6384000060F52 /* FirebaseAuth */,
				7006461D27E6384000060F52 /* FirebaseFirestore */,
			);
			productName = PillManager;
			productReference = 70F6AD2927E62E5900F61642 /* PillManager.app */;
			productType = "com.apple.product-type.application";
		};
/* End PBXNativeTarget section */

/* Begin PBXProject section */
		70F6AD2127E62E5900F61642 /* Project object */ = {
			isa = PBXProject;
			attributes = {
				BuildIndependentTargetsInParallel = 1;
				LastSwiftUpdateCheck = 1320;
				LastUpgradeCheck = 1320;
				TargetAttributes = {
					70F6AD2827E62E5900F61642 = {
						CreatedOnToolsVersion = 13.2.1;
					};
				};
			};
			buildConfigurationList = 70F6AD2427E62E5900F61642 /* Build configuration list for PBXProject "PillManager" */;
			compatibilityVersion = "Xcode 13.0";
			developmentRegion = en;
			hasScannedForEncodings = 0;
			knownRegions = (
				en,
				Base,
			);
			mainGroup = 70F6AD2027E62E5900F61642;
			packageReferences = (
				7006461A27E6384000060F52 /* XCRemoteSwiftPackageReference "firebase-ios-sdk" */,
			);
			productRefGroup = 70F6AD2A27E62E5900F61642 /* Products */;
			projectDirPath = "";
			projectRoot = "";
			targets = (
				70F6AD2827E62E5900F61642 /* PillManager */,
			);
		};
/* End PBXProject section */

/* Begin PBXResourcesBuildPhase section */
		70F6AD2727E62E5900F61642 /* Resources */ = {
			isa = PBXResourcesBuildPhase;
			buildActionMask = 2147483647;
			files = (
				70F6AD3927E62E5900F61642 /* LaunchScreen.storyboard in Resources */,
				70F6AD3627E62E5900F61642 /* Assets.xcassets in Resources */,
				7006461827E636EC00060F52 /* GoogleService-Info.plist in Resources */,
			);
			runOnlyForDeploymentPostprocessing = 0;
		};
/* End PBXResourcesBuildPhase section */

/* Begin PBXSourcesBuildPhase section */
		70F6AD2527E62E5900F61642 /* Sources */ = {
			isa = PBXSourcesBuildPhase;
			buildActionMask = 2147483647;
			files = (
				7006462727E6481600060F52 /* PillDataCenter.swift in Sources */,
				7033179327E64A6D000B99E1 /* CustomError.swift in Sources */,
				70F6AD4927E631D600F61642 /* PillViewModel.swift in Sources */,
				70F6AD4327E62EB800F61642 /* SignInViewController.swift in Sources */,
				7006462427E63D0700060F52 /* SignInViewModel.swift in Sources */,
				70F6AD2D27E62E5900F61642 /* AppDelegate.swift in Sources */,
				70F6AD2F27E62E5900F61642 /* SceneDelegate.swift in Sources */,
				70F6AD4627E6319F00F61642 /* PillViewController.swift in Sources */,
				7033179627E64EE1000B99E1 /* Constants.swift in Sources */,
			);
			runOnlyForDeploymentPostprocessing = 0;
		};
/* End PBXSourcesBuildPhase section */

/* Begin PBXVariantGroup section */
		70F6AD3727E62E5900F61642 /* LaunchScreen.storyboard */ = {
			isa = PBXVariantGroup;
			children = (
				70F6AD3827E62E5900F61642 /* Base */,
			);
			name = LaunchScreen.storyboard;
			sourceTree = "<group>";
		};
/* End PBXVariantGroup section */

/* Begin XCBuildConfiguration section */
		70F6AD3B27E62E5900F61642 /* Debug */ = {
			isa = XCBuildConfiguration;
			buildSettings = {
				ALWAYS_SEARCH_USER_PATHS = NO;
				CLANG_ANALYZER_NONNULL = YES;
				CLANG_ANALYZER_NUMBER_OBJECT_CONVERSION = YES_AGGRESSIVE;
				CLANG_CXX_LANGUAGE_STANDARD = "gnu++17";
				CLANG_CXX_LIBRARY = "libc++";
				CLANG_ENABLE_MODULES = YES;
				CLANG_ENABLE_OBJC_ARC = YES;
				CLANG_ENABLE_OBJC_WEAK = YES;
				CLANG_WARN_BLOCK_CAPTURE_AUTORELEASING = YES;
				CLANG_WARN_BOOL_CONVERSION = YES;
				CLANG_WARN_COMMA = YES;
				CLANG_WARN_CONSTANT_CONVERSION = YES;
				CLANG_WARN_DEPRECATED_OBJC_IMPLEMENTATIONS = YES;
				CLANG_WARN_DIRECT_OBJC_ISA_USAGE = YES_ERROR;
				CLANG_WARN_DOCUMENTATION_COMMENTS = YES;
				CLANG_WARN_EMPTY_BODY = YES;
				CLANG_WARN_ENUM_CONVERSION = YES;
				CLANG_WARN_INFINITE_RECURSION = YES;
				CLANG_WARN_INT_CONVERSION = YES;
				CLANG_WARN_NON_LITERAL_NULL_CONVERSION = YES;
				CLANG_WARN_OBJC_IMPLICIT_RETAIN_SELF = YES;
				CLANG_WARN_OBJC_LITERAL_CONVERSION = YES;
				CLANG_WARN_OBJC_ROOT_CLASS = YES_ERROR;
				CLANG_WARN_QUOTED_INCLUDE_IN_FRAMEWORK_HEADER = YES;
				CLANG_WARN_RANGE_LOOP_ANALYSIS = YES;
				CLANG_WARN_STRICT_PROTOTYPES = YES;
				CLANG_WARN_SUSPICIOUS_MOVE = YES;
				CLANG_WARN_UNGUARDED_AVAILABILITY = YES_AGGRESSIVE;
				CLANG_WARN_UNREACHABLE_CODE = YES;
				CLANG_WARN__DUPLICATE_METHOD_MATCH = YES;
				COPY_PHASE_STRIP = NO;
				DEBUG_INFORMATION_FORMAT = dwarf;
				ENABLE_STRICT_OBJC_MSGSEND = YES;
				ENABLE_TESTABILITY = YES;
				GCC_C_LANGUAGE_STANDARD = gnu11;
				GCC_DYNAMIC_NO_PIC = NO;
				GCC_NO_COMMON_BLOCKS = YES;
				GCC_OPTIMIZATION_LEVEL = 0;
				GCC_PREPROCESSOR_DEFINITIONS = (
					"DEBUG=1",
					"$(inherited)",
				);
				GCC_WARN_64_TO_32_BIT_CONVERSION = YES;
				GCC_WARN_ABOUT_RETURN_TYPE = YES_ERROR;
				GCC_WARN_UNDECLARED_SELECTOR = YES;
				GCC_WARN_UNINITIALIZED_AUTOS = YES_AGGRESSIVE;
				GCC_WARN_UNUSED_FUNCTION = YES;
				GCC_WARN_UNUSED_VARIABLE = YES;
				IPHONEOS_DEPLOYMENT_TARGET = 15.2;
				MTL_ENABLE_DEBUG_INFO = INCLUDE_SOURCE;
				MTL_FAST_MATH = YES;
				ONLY_ACTIVE_ARCH = YES;
				SDKROOT = iphoneos;
				SWIFT_ACTIVE_COMPILATION_CONDITIONS = DEBUG;
				SWIFT_OPTIMIZATION_LEVEL = "-Onone";
			};
			name = Debug;
		};
		70F6AD3C27E62E5900F61642 /* Release */ = {
			isa = XCBuildConfiguration;
			buildSettings = {
				ALWAYS_SEARCH_USER_PATHS = NO;
				CLANG_ANALYZER_NONNULL = YES;
				CLANG_ANALYZER_NUMBER_OBJECT_CONVERSION = YES_AGGRESSIVE;
				CLANG_CXX_LANGUAGE_STANDARD = "gnu++17";
				CLANG_CXX_LIBRARY = "libc++";
				CLANG_ENABLE_MODULES = YES;
				CLANG_ENABLE_OBJC_ARC = YES;
				CLANG_ENABLE_OBJC_WEAK = YES;
				CLANG_WARN_BLOCK_CAPTURE_AUTORELEASING = YES;
				CLANG_WARN_BOOL_CONVERSION = YES;
				CLANG_WARN_COMMA = YES;
				CLANG_WARN_CONSTANT_CONVERSION = YES;
				CLANG_WARN_DEPRECATED_OBJC_IMPLEMENTATIONS = YES;
				CLANG_WARN_DIRECT_OBJC_ISA_USAGE = YES_ERROR;
				CLANG_WARN_DOCUMENTATION_COMMENTS = YES;
				CLANG_WARN_EMPTY_BODY = YES;
				CLANG_WARN_ENUM_CONVERSION = YES;
				CLANG_WARN_INFINITE_RECURSION = YES;
				CLANG_WARN_INT_CONVERSION = YES;
				CLANG_WARN_NON_LITERAL_NULL_CONVERSION = YES;
				CLANG_WARN_OBJC_IMPLICIT_RETAIN_SELF = YES;
				CLANG_WARN_OBJC_LITERAL_CONVERSION = YES;
				CLANG_WARN_OBJC_ROOT_CLASS = YES_ERROR;
				CLANG_WARN_QUOTED_INCLUDE_IN_FRAMEWORK_HEADER = YES;
				CLANG_WARN_RANGE_LOOP_ANALYSIS = YES;
				CLANG_WARN_STRICT_PROTOTYPES = YES;
				CLANG_WARN_SUSPICIOUS_MOVE = YES;
				CLANG_WARN_UNGUARDED_AVAILABILITY = YES_AGGRESSIVE;
				CLANG_WARN_UNREACHABLE_CODE = YES;
				CLANG_WARN__DUPLICATE_METHOD_MATCH = YES;
				COPY_PHASE_STRIP = NO;
				DEBUG_INFORMATION_FORMAT = "dwarf-with-dsym";
				ENABLE_NS_ASSERTIONS = NO;
				ENABLE_STRICT_OBJC_MSGSEND = YES;
				GCC_C_LANGUAGE_STANDARD = gnu11;
				GCC_NO_COMMON_BLOCKS = YES;
				GCC_WARN_64_TO_32_BIT_CONVERSION = YES;
				GCC_WARN_ABOUT_RETURN_TYPE = YES_ERROR;
				GCC_WARN_UNDECLARED_SELECTOR = YES;
				GCC_WARN_UNINITIALIZED_AUTOS = YES_AGGRESSIVE;
				GCC_WARN_UNUSED_FUNCTION = YES;
				GCC_WARN_UNUSED_VARIABLE = YES;
				IPHONEOS_DEPLOYMENT_TARGET = 15.2;
				MTL_ENABLE_DEBUG_INFO = NO;
				MTL_FAST_MATH = YES;
				SDKROOT = iphoneos;
				SWIFT_COMPILATION_MODE = wholemodule;
				SWIFT_OPTIMIZATION_LEVEL = "-O";
				VALIDATE_PRODUCT = YES;
			};
			name = Release;
		};
		70F6AD3E27E62E5900F61642 /* Debug */ = {
			isa = XCBuildConfiguration;
			buildSettings = {
				ASSETCATALOG_COMPILER_APPICON_NAME = AppIcon;
				ASSETCATALOG_COMPILER_GLOBAL_ACCENT_COLOR_NAME = AccentColor;
				CODE_SIGN_ENTITLEMENTS = PillManager/PillManager.entitlements;
				CODE_SIGN_STYLE = Automatic;
				CURRENT_PROJECT_VERSION = 8;
				DEVELOPMENT_TEAM = X58252UHQT;
				GENERATE_INFOPLIST_FILE = YES;
				INFOPLIST_FILE = PillManager/Info.plist;
				INFOPLIST_KEY_UIApplicationSupportsIndirectInputEvents = YES;
				INFOPLIST_KEY_UILaunchStoryboardName = LaunchScreen;
				INFOPLIST_KEY_UISupportedInterfaceOrientations = UIInterfaceOrientationPortrait;
				INFOPLIST_KEY_UISupportedInterfaceOrientations_iPad = "UIInterfaceOrientationPortrait UIInterfaceOrientationPortraitUpsideDown UIInterfaceOrientationLandscapeLeft UIInterfaceOrientationLandscapeRight";
				INFOPLIST_KEY_UISupportedInterfaceOrientations_iPhone = "UIInterfaceOrientationPortrait UIInterfaceOrientationLandscapeLeft UIInterfaceOrientationLandscapeRight";
				LD_RUNPATH_SEARCH_PATHS = (
					"$(inherited)",
					"@executable_path/Frameworks",
				);
				MARKETING_VERSION = 1.0;
				PRODUCT_BUNDLE_IDENTIFIER = com.donggyu.PillManager;
				PRODUCT_NAME = "$(TARGET_NAME)";
				SWIFT_EMIT_LOC_STRINGS = YES;
				SWIFT_VERSION = 5.0;
				TARGETED_DEVICE_FAMILY = "1,2";
			};
			name = Debug;
		};
		70F6AD3F27E62E5900F61642 /* Release */ = {
			isa = XCBuildConfiguration;
			buildSettings = {
				ASSETCATALOG_COMPILER_APPICON_NAME = AppIcon;
				ASSETCATALOG_COMPILER_GLOBAL_ACCENT_COLOR_NAME = AccentColor;
				CODE_SIGN_ENTITLEMENTS = PillManager/PillManager.entitlements;
				CODE_SIGN_STYLE = Automatic;
				CURRENT_PROJECT_VERSION = 8;
				DEVELOPMENT_TEAM = X58252UHQT;
				GENERATE_INFOPLIST_FILE = YES;
				INFOPLIST_FILE = PillManager/Info.plist;
				INFOPLIST_KEY_UIApplicationSupportsIndirectInputEvents = YES;
				INFOPLIST_KEY_UILaunchStoryboardName = LaunchScreen;
				INFOPLIST_KEY_UISupportedInterfaceOrientations = UIInterfaceOrientationPortrait;
				INFOPLIST_KEY_UISupportedInterfaceOrientations_iPad = "UIInterfaceOrientationPortrait UIInterfaceOrientationPortraitUpsideDown UIInterfaceOrientationLandscapeLeft UIInterfaceOrientationLandscapeRight";
				INFOPLIST_KEY_UISupportedInterfaceOrientations_iPhone = "UIInterfaceOrientationPortrait UIInterfaceOrientationLandscapeLeft UIInterfaceOrientationLandscapeRight";
				LD_RUNPATH_SEARCH_PATHS = (
					"$(inherited)",
					"@executable_path/Frameworks",
				);
				MARKETING_VERSION = 1.0;
				PRODUCT_BUNDLE_IDENTIFIER = com.donggyu.PillManager;
				PRODUCT_NAME = "$(TARGET_NAME)";
				SWIFT_EMIT_LOC_STRINGS = YES;
				SWIFT_VERSION = 5.0;
				TARGETED_DEVICE_FAMILY = "1,2";
			};
			name = Release;
		};
/* End XCBuildConfiguration section */

/* Begin XCConfigurationList section */
		70F6AD2427E62E5900F61642 /* Build configuration list for PBXProject "PillManager" */ = {
			isa = XCConfigurationList;
			buildConfigurations = (
				70F6AD3B27E62E5900F61642 /* Debug */,
				70F6AD3C27E62E5900F61642 /* Release */,
			);
			defaultConfigurationIsVisible = 0;
			defaultConfigurationName = Release;
		};
		70F6AD3D27E62E5900F61642 /* Build configuration list for PBXNativeTarget "PillManager" */ = {
			isa = XCConfigurationList;
			buildConfigurations = (
				70F6AD3E27E62E5900F61642 /* Debug */,
				70F6AD3F27E62E5900F61642 /* Release */,
			);
			defaultConfigurationIsVisible = 0;
			defaultConfigurationName = Release;
		};
/* End XCConfigurationList section */

/* Begin XCRemoteSwiftPackageReference section */
		7006461A27E6384000060F52 /* XCRemoteSwiftPackageReference "firebase-ios-sdk" */ = {
			isa = XCRemoteSwiftPackageReference;
			repositoryURL = "https://github.com/firebase/firebase-ios-sdk";
			requirement = {
				kind = upToNextMajorVersion;
				minimumVersion = 8.0.0;
			};
		};
/* End XCRemoteSwiftPackageReference section */

/* Begin XCSwiftPackageProductDependency section */
		7006461B27E6384000060F52 /* FirebaseAuth */ = {
			isa = XCSwiftPackageProductDependency;
			package = 7006461A27E6384000060F52 /* XCRemoteSwiftPackageReference "firebase-ios-sdk" */;
			productName = FirebaseAuth;
		};
		7006461D27E6384000060F52 /* FirebaseFirestore */ = {
			isa = XCSwiftPackageProductDependency;
			package = 7006461A27E6384000060F52 /* XCRemoteSwiftPackageReference "firebase-ios-sdk" */;
			productName = FirebaseFirestore;
		};
/* End XCSwiftPackageProductDependency section */
	};
	rootObject = 70F6AD2127E62E5900F61642 /* Project object */;
}
